// !$*UTF8*$!
{
	archiveVersion = 1;
	classes = {
	};
	objectVersion = 52;
	objects = {

/* Begin PBXBuildFile section */
		2365A8D02420DCE700F48D9C /* GXGameListViewController.swift in Sources */ = {isa = PBXBuildFile; fileRef = 2365A8CE2420DCE700F48D9C /* GXGameListViewController.swift */; };
		2365A8D12420DCE700F48D9C /* GXGameListViewController.xib in Resources */ = {isa = PBXBuildFile; fileRef = 2365A8CF2420DCE700F48D9C /* GXGameListViewController.xib */; };
		2365A8D32420DCFE00F48D9C /* GXGameListViewModel.swift in Sources */ = {isa = PBXBuildFile; fileRef = 2365A8D22420DCFE00F48D9C /* GXGameListViewModel.swift */; };
		2365A8D52420DD1600F48D9C /* GXGameListRouter.swift in Sources */ = {isa = PBXBuildFile; fileRef = 2365A8D42420DD1600F48D9C /* GXGameListRouter.swift */; };
		2365A8D92420DFFA00F48D9C /* GXGameListCell.swift in Sources */ = {isa = PBXBuildFile; fileRef = 2365A8D72420DFFA00F48D9C /* GXGameListCell.swift */; };
		2365A8DA2420DFFA00F48D9C /* GXGameListCell.xib in Resources */ = {isa = PBXBuildFile; fileRef = 2365A8D82420DFFA00F48D9C /* GXGameListCell.xib */; };
		2365A8DE2420E17500F48D9C /* UITableView+Extensions.swift in Sources */ = {isa = PBXBuildFile; fileRef = 2365A8DD2420E17500F48D9C /* UITableView+Extensions.swift */; };
		2365A8E02420E3D200F48D9C /* Development.xcassets in Resources */ = {isa = PBXBuildFile; fileRef = 2365A8DF2420E3D200F48D9C /* Development.xcassets */; };
		2365A8E22420E84100F48D9C /* Theme.xcassets in Resources */ = {isa = PBXBuildFile; fileRef = 2365A8E12420E84100F48D9C /* Theme.xcassets */; };
		2365A8E52420EAE200F48D9C /* GXTheme.swift in Sources */ = {isa = PBXBuildFile; fileRef = 2365A8E42420EAE200F48D9C /* GXTheme.swift */; };
		2365A8E92420F1E900F48D9C /* GXGameDetailViewController.swift in Sources */ = {isa = PBXBuildFile; fileRef = 2365A8E72420F1E900F48D9C /* GXGameDetailViewController.swift */; };
		2365A8EA2420F1E900F48D9C /* GXGameDetailViewController.xib in Resources */ = {isa = PBXBuildFile; fileRef = 2365A8E82420F1E900F48D9C /* GXGameDetailViewController.xib */; };
		2365A8EC2420F1F500F48D9C /* GXGameDetailViewModel.swift in Sources */ = {isa = PBXBuildFile; fileRef = 2365A8EB2420F1F500F48D9C /* GXGameDetailViewModel.swift */; };
		2365A8EE2420F20100F48D9C /* GXGameDetailRouter.swift in Sources */ = {isa = PBXBuildFile; fileRef = 2365A8ED2420F20100F48D9C /* GXGameDetailRouter.swift */; };
		2365A8F12420F66C00F48D9C /* GXGameHeaderView.swift in Sources */ = {isa = PBXBuildFile; fileRef = 2365A8F02420F66C00F48D9C /* GXGameHeaderView.swift */; };
		2365A8F32420F67600F48D9C /* GXGameHeaderView.xib in Resources */ = {isa = PBXBuildFile; fileRef = 2365A8F22420F67600F48D9C /* GXGameHeaderView.xib */; };
		2365A8F52420F82200F48D9C /* UIView+Extensions.swift in Sources */ = {isa = PBXBuildFile; fileRef = 2365A8F42420F82200F48D9C /* UIView+Extensions.swift */; };
		2365A8F72420FADA00F48D9C /* GXFeedbackGenerator.swift in Sources */ = {isa = PBXBuildFile; fileRef = 2365A8F62420FADA00F48D9C /* GXFeedbackGenerator.swift */; };
		2365A8F92420FE2400F48D9C /* GXAlertPresenter.swift in Sources */ = {isa = PBXBuildFile; fileRef = 2365A8F82420FE2400F48D9C /* GXAlertPresenter.swift */; };
		2365A8FC2421009100F48D9C /* GXExpandableDescriptionCell.swift in Sources */ = {isa = PBXBuildFile; fileRef = 2365A8FA2421009100F48D9C /* GXExpandableDescriptionCell.swift */; };
		2365A8FD2421009100F48D9C /* GXExpandableDescriptionCell.xib in Resources */ = {isa = PBXBuildFile; fileRef = 2365A8FB2421009100F48D9C /* GXExpandableDescriptionCell.xib */; };
		2365EED8242104EA00A70EE7 /* TitledCell.swift in Sources */ = {isa = PBXBuildFile; fileRef = 2365EED6242104EA00A70EE7 /* TitledCell.swift */; };
		2365EED9242104EA00A70EE7 /* TitledCell.xib in Resources */ = {isa = PBXBuildFile; fileRef = 2365EED7242104EA00A70EE7 /* TitledCell.xib */; };
		2365EEDB242106A400A70EE7 /* UILabel+Extensions.swift in Sources */ = {isa = PBXBuildFile; fileRef = 2365EEDA242106A400A70EE7 /* UILabel+Extensions.swift */; };
		2365EEE22421107B00A70EE7 /* RealmSwift in Frameworks */ = {isa = PBXBuildFile; productRef = 2365EEE12421107B00A70EE7 /* RealmSwift */; };
		2365EEE42421107B00A70EE7 /* Realm in Frameworks */ = {isa = PBXBuildFile; productRef = 2365EEE32421107B00A70EE7 /* Realm */; };
		2365EEEA2421118100A70EE7 /* Kingfisher in Frameworks */ = {isa = PBXBuildFile; productRef = 2365EEE92421118100A70EE7 /* Kingfisher */; };
		2365EEED2421124200A70EE7 /* Moya in Frameworks */ = {isa = PBXBuildFile; productRef = 2365EEEC2421124200A70EE7 /* Moya */; };
		2365EEEF2421126E00A70EE7 /* GamexAPI.swift in Sources */ = {isa = PBXBuildFile; fileRef = 2365EEEE2421126E00A70EE7 /* GamexAPI.swift */; };
		2365EEF12421132000A70EE7 /* GXGameServiceType.swift in Sources */ = {isa = PBXBuildFile; fileRef = 2365EEF02421132000A70EE7 /* GXGameServiceType.swift */; };
		2365EEF42421138500A70EE7 /* GXGameListResponse.swift in Sources */ = {isa = PBXBuildFile; fileRef = 2365EEF32421138500A70EE7 /* GXGameListResponse.swift */; };
		2365EEF7242113C400A70EE7 /* GXGame.swift in Sources */ = {isa = PBXBuildFile; fileRef = 2365EEF6242113C400A70EE7 /* GXGame.swift */; };
		2365EEF92421164B00A70EE7 /* GXMockGameService.swift in Sources */ = {isa = PBXBuildFile; fileRef = 2365EEF82421164B00A70EE7 /* GXMockGameService.swift */; };
		2365EEFB242117E900A70EE7 /* GXGameService.swift in Sources */ = {isa = PBXBuildFile; fileRef = 2365EEFA242117E900A70EE7 /* GXGameService.swift */; };
		2365EEFD2421255A00A70EE7 /* Bundle+Extensions.swift in Sources */ = {isa = PBXBuildFile; fileRef = 2365EEFC2421255A00A70EE7 /* Bundle+Extensions.swift */; };
		2365EF002421271E00A70EE7 /* gamedetail-response.json in Resources */ = {isa = PBXBuildFile; fileRef = 2365EEFE2421271D00A70EE7 /* gamedetail-response.json */; };
		2365EF012421271E00A70EE7 /* gamelist-response.json in Resources */ = {isa = PBXBuildFile; fileRef = 2365EEFF2421271E00A70EE7 /* gamelist-response.json */; };
		2365EF0324212A0100A70EE7 /* GXGamePresentation.swift in Sources */ = {isa = PBXBuildFile; fileRef = 2365EF0224212A0100A70EE7 /* GXGamePresentation.swift */; };
		23BDF0052420D8D30055C3B9 /* AppDelegate.swift in Sources */ = {isa = PBXBuildFile; fileRef = 23BDF0042420D8D30055C3B9 /* AppDelegate.swift */; };
		23BDF0072420D8D30055C3B9 /* SceneDelegate.swift in Sources */ = {isa = PBXBuildFile; fileRef = 23BDF0062420D8D30055C3B9 /* SceneDelegate.swift */; };
		23BDF00E2420D8D40055C3B9 /* Assets.xcassets in Resources */ = {isa = PBXBuildFile; fileRef = 23BDF00D2420D8D40055C3B9 /* Assets.xcassets */; };
		23BDF0112420D8D40055C3B9 /* LaunchScreen.storyboard in Resources */ = {isa = PBXBuildFile; fileRef = 23BDF00F2420D8D40055C3B9 /* LaunchScreen.storyboard */; };
		23BDF01C2420D8D40055C3B9 /* GX_AppTests.swift in Sources */ = {isa = PBXBuildFile; fileRef = 23BDF01B2420D8D40055C3B9 /* GX_AppTests.swift */; };
		23BDF02D2420DADD0055C3B9 /* AppRouter.swift in Sources */ = {isa = PBXBuildFile; fileRef = 23BDF02C2420DADD0055C3B9 /* AppRouter.swift */; };
		23CAA74E24212F200007D2FA /* GXImageLoader.swift in Sources */ = {isa = PBXBuildFile; fileRef = 23CAA74D24212F200007D2FA /* GXImageLoader.swift */; };
		23CAA754242168E00007D2FA /* UICollectionView+Extensions.swift in Sources */ = {isa = PBXBuildFile; fileRef = 23CAA753242168E00007D2FA /* UICollectionView+Extensions.swift */; };
/* End PBXBuildFile section */

/* Begin PBXContainerItemProxy section */
		23BDF0182420D8D40055C3B9 /* PBXContainerItemProxy */ = {
			isa = PBXContainerItemProxy;
			containerPortal = 23BDEFF92420D8D30055C3B9 /* Project object */;
			proxyType = 1;
			remoteGlobalIDString = 23BDF0002420D8D30055C3B9;
			remoteInfo = "GX-App";
		};
/* End PBXContainerItemProxy section */

/* Begin PBXFileReference section */
		2365A8CE2420DCE700F48D9C /* GXGameListViewController.swift */ = {isa = PBXFileReference; lastKnownFileType = sourcecode.swift; path = GXGameListViewController.swift; sourceTree = "<group>"; };
		2365A8CF2420DCE700F48D9C /* GXGameListViewController.xib */ = {isa = PBXFileReference; lastKnownFileType = file.xib; path = GXGameListViewController.xib; sourceTree = "<group>"; };
		2365A8D22420DCFE00F48D9C /* GXGameListViewModel.swift */ = {isa = PBXFileReference; lastKnownFileType = sourcecode.swift; path = GXGameListViewModel.swift; sourceTree = "<group>"; };
		2365A8D42420DD1600F48D9C /* GXGameListRouter.swift */ = {isa = PBXFileReference; lastKnownFileType = sourcecode.swift; path = GXGameListRouter.swift; sourceTree = "<group>"; };
		2365A8D72420DFFA00F48D9C /* GXGameListCell.swift */ = {isa = PBXFileReference; lastKnownFileType = sourcecode.swift; path = GXGameListCell.swift; sourceTree = "<group>"; };
		2365A8D82420DFFA00F48D9C /* GXGameListCell.xib */ = {isa = PBXFileReference; lastKnownFileType = file.xib; path = GXGameListCell.xib; sourceTree = "<group>"; };
		2365A8DD2420E17500F48D9C /* UITableView+Extensions.swift */ = {isa = PBXFileReference; lastKnownFileType = sourcecode.swift; path = "UITableView+Extensions.swift"; sourceTree = "<group>"; };
		2365A8DF2420E3D200F48D9C /* Development.xcassets */ = {isa = PBXFileReference; lastKnownFileType = folder.assetcatalog; path = Development.xcassets; sourceTree = "<group>"; };
		2365A8E12420E84100F48D9C /* Theme.xcassets */ = {isa = PBXFileReference; lastKnownFileType = folder.assetcatalog; path = Theme.xcassets; sourceTree = "<group>"; };
		2365A8E42420EAE200F48D9C /* GXTheme.swift */ = {isa = PBXFileReference; lastKnownFileType = sourcecode.swift; path = GXTheme.swift; sourceTree = "<group>"; };
		2365A8E72420F1E900F48D9C /* GXGameDetailViewController.swift */ = {isa = PBXFileReference; lastKnownFileType = sourcecode.swift; path = GXGameDetailViewController.swift; sourceTree = "<group>"; };
		2365A8E82420F1E900F48D9C /* GXGameDetailViewController.xib */ = {isa = PBXFileReference; lastKnownFileType = file.xib; path = GXGameDetailViewController.xib; sourceTree = "<group>"; };
		2365A8EB2420F1F500F48D9C /* GXGameDetailViewModel.swift */ = {isa = PBXFileReference; lastKnownFileType = sourcecode.swift; path = GXGameDetailViewModel.swift; sourceTree = "<group>"; };
		2365A8ED2420F20100F48D9C /* GXGameDetailRouter.swift */ = {isa = PBXFileReference; lastKnownFileType = sourcecode.swift; path = GXGameDetailRouter.swift; sourceTree = "<group>"; };
		2365A8F02420F66C00F48D9C /* GXGameHeaderView.swift */ = {isa = PBXFileReference; lastKnownFileType = sourcecode.swift; path = GXGameHeaderView.swift; sourceTree = "<group>"; };
		2365A8F22420F67600F48D9C /* GXGameHeaderView.xib */ = {isa = PBXFileReference; lastKnownFileType = file.xib; path = GXGameHeaderView.xib; sourceTree = "<group>"; };
		2365A8F42420F82200F48D9C /* UIView+Extensions.swift */ = {isa = PBXFileReference; lastKnownFileType = sourcecode.swift; path = "UIView+Extensions.swift"; sourceTree = "<group>"; };
		2365A8F62420FADA00F48D9C /* GXFeedbackGenerator.swift */ = {isa = PBXFileReference; lastKnownFileType = sourcecode.swift; path = GXFeedbackGenerator.swift; sourceTree = "<group>"; };
		2365A8F82420FE2400F48D9C /* GXAlertPresenter.swift */ = {isa = PBXFileReference; lastKnownFileType = sourcecode.swift; path = GXAlertPresenter.swift; sourceTree = "<group>"; };
		2365A8FA2421009100F48D9C /* GXExpandableDescriptionCell.swift */ = {isa = PBXFileReference; lastKnownFileType = sourcecode.swift; path = GXExpandableDescriptionCell.swift; sourceTree = "<group>"; };
		2365A8FB2421009100F48D9C /* GXExpandableDescriptionCell.xib */ = {isa = PBXFileReference; lastKnownFileType = file.xib; path = GXExpandableDescriptionCell.xib; sourceTree = "<group>"; };
		2365EED6242104EA00A70EE7 /* TitledCell.swift */ = {isa = PBXFileReference; lastKnownFileType = sourcecode.swift; path = TitledCell.swift; sourceTree = "<group>"; };
		2365EED7242104EA00A70EE7 /* TitledCell.xib */ = {isa = PBXFileReference; lastKnownFileType = file.xib; path = TitledCell.xib; sourceTree = "<group>"; };
		2365EEDA242106A400A70EE7 /* UILabel+Extensions.swift */ = {isa = PBXFileReference; lastKnownFileType = sourcecode.swift; path = "UILabel+Extensions.swift"; sourceTree = "<group>"; };
		2365EEEE2421126E00A70EE7 /* GamexAPI.swift */ = {isa = PBXFileReference; lastKnownFileType = sourcecode.swift; path = GamexAPI.swift; sourceTree = "<group>"; };
		2365EEF02421132000A70EE7 /* GXGameServiceType.swift */ = {isa = PBXFileReference; lastKnownFileType = sourcecode.swift; path = GXGameServiceType.swift; sourceTree = "<group>"; };
		2365EEF32421138500A70EE7 /* GXGameListResponse.swift */ = {isa = PBXFileReference; lastKnownFileType = sourcecode.swift; path = GXGameListResponse.swift; sourceTree = "<group>"; };
		2365EEF6242113C400A70EE7 /* GXGame.swift */ = {isa = PBXFileReference; lastKnownFileType = sourcecode.swift; path = GXGame.swift; sourceTree = "<group>"; };
		2365EEF82421164B00A70EE7 /* GXMockGameService.swift */ = {isa = PBXFileReference; lastKnownFileType = sourcecode.swift; path = GXMockGameService.swift; sourceTree = "<group>"; };
		2365EEFA242117E900A70EE7 /* GXGameService.swift */ = {isa = PBXFileReference; lastKnownFileType = sourcecode.swift; path = GXGameService.swift; sourceTree = "<group>"; };
		2365EEFC2421255A00A70EE7 /* Bundle+Extensions.swift */ = {isa = PBXFileReference; lastKnownFileType = sourcecode.swift; path = "Bundle+Extensions.swift"; sourceTree = "<group>"; };
		2365EEFE2421271D00A70EE7 /* gamedetail-response.json */ = {isa = PBXFileReference; fileEncoding = 4; lastKnownFileType = text.json; path = "gamedetail-response.json"; sourceTree = "<group>"; };
		2365EEFF2421271E00A70EE7 /* gamelist-response.json */ = {isa = PBXFileReference; fileEncoding = 4; lastKnownFileType = text.json; path = "gamelist-response.json"; sourceTree = "<group>"; };
		2365EF0224212A0100A70EE7 /* GXGamePresentation.swift */ = {isa = PBXFileReference; lastKnownFileType = sourcecode.swift; path = GXGamePresentation.swift; sourceTree = "<group>"; };
		23BDF0012420D8D30055C3B9 /* GameX.app */ = {isa = PBXFileReference; explicitFileType = wrapper.application; includeInIndex = 0; path = GameX.app; sourceTree = BUILT_PRODUCTS_DIR; };
		23BDF0042420D8D30055C3B9 /* AppDelegate.swift */ = {isa = PBXFileReference; lastKnownFileType = sourcecode.swift; path = AppDelegate.swift; sourceTree = "<group>"; };
		23BDF0062420D8D30055C3B9 /* SceneDelegate.swift */ = {isa = PBXFileReference; lastKnownFileType = sourcecode.swift; path = SceneDelegate.swift; sourceTree = "<group>"; };
		23BDF00D2420D8D40055C3B9 /* Assets.xcassets */ = {isa = PBXFileReference; lastKnownFileType = folder.assetcatalog; path = Assets.xcassets; sourceTree = "<group>"; };
		23BDF0102420D8D40055C3B9 /* Base */ = {isa = PBXFileReference; lastKnownFileType = file.storyboard; name = Base; path = Base.lproj/LaunchScreen.storyboard; sourceTree = "<group>"; };
		23BDF0122420D8D40055C3B9 /* Info.plist */ = {isa = PBXFileReference; lastKnownFileType = text.plist.xml; path = Info.plist; sourceTree = "<group>"; };
		23BDF0172420D8D40055C3B9 /* GX-AppTests.xctest */ = {isa = PBXFileReference; explicitFileType = wrapper.cfbundle; includeInIndex = 0; path = "GX-AppTests.xctest"; sourceTree = BUILT_PRODUCTS_DIR; };
		23BDF01B2420D8D40055C3B9 /* GX_AppTests.swift */ = {isa = PBXFileReference; lastKnownFileType = sourcecode.swift; path = GX_AppTests.swift; sourceTree = "<group>"; };
		23BDF01D2420D8D40055C3B9 /* Info.plist */ = {isa = PBXFileReference; lastKnownFileType = text.plist.xml; path = Info.plist; sourceTree = "<group>"; };
		23BDF02C2420DADD0055C3B9 /* AppRouter.swift */ = {isa = PBXFileReference; lastKnownFileType = sourcecode.swift; path = AppRouter.swift; sourceTree = "<group>"; };
		23CAA74D24212F200007D2FA /* GXImageLoader.swift */ = {isa = PBXFileReference; lastKnownFileType = sourcecode.swift; path = GXImageLoader.swift; sourceTree = "<group>"; };
		23CAA753242168E00007D2FA /* UICollectionView+Extensions.swift */ = {isa = PBXFileReference; lastKnownFileType = sourcecode.swift; path = "UICollectionView+Extensions.swift"; sourceTree = "<group>"; };
/* End PBXFileReference section */

/* Begin PBXFrameworksBuildPhase section */
		23BDEFFE2420D8D30055C3B9 /* Frameworks */ = {
			isa = PBXFrameworksBuildPhase;
			buildActionMask = 2147483647;
			files = (
				2365EEEA2421118100A70EE7 /* Kingfisher in Frameworks */,
				2365EEE42421107B00A70EE7 /* Realm in Frameworks */,
				2365EEED2421124200A70EE7 /* Moya in Frameworks */,
				2365EEE22421107B00A70EE7 /* RealmSwift in Frameworks */,
			);
			runOnlyForDeploymentPostprocessing = 0;
		};
		23BDF0142420D8D40055C3B9 /* Frameworks */ = {
			isa = PBXFrameworksBuildPhase;
			buildActionMask = 2147483647;
			files = (
			);
			runOnlyForDeploymentPostprocessing = 0;
		};
/* End PBXFrameworksBuildPhase section */

/* Begin PBXGroup section */
		2365A8CD2420DCCE00F48D9C /* GameList */ = {
			isa = PBXGroup;
			children = (
				2365A8CE2420DCE700F48D9C /* GXGameListViewController.swift */,
				2365A8CF2420DCE700F48D9C /* GXGameListViewController.xib */,
				2365A8D22420DCFE00F48D9C /* GXGameListViewModel.swift */,
				2365A8D42420DD1600F48D9C /* GXGameListRouter.swift */,
			);
			path = GameList;
			sourceTree = "<group>";
		};
		2365A8D62420DF8900F48D9C /* Views */ = {
			isa = PBXGroup;
			children = (
				2365A8DB2420DFFD00F48D9C /* GameListCell */,
				2365A8EF2420F64500F48D9C /* GameHeaderView */,
				2365A8FE2421009400F48D9C /* ExpandableDescriptionCell */,
				2365EED5242104D400A70EE7 /* TitledCell */,
			);
			path = Views;
			sourceTree = "<group>";
		};
		2365A8DB2420DFFD00F48D9C /* GameListCell */ = {
			isa = PBXGroup;
			children = (
				2365A8D72420DFFA00F48D9C /* GXGameListCell.swift */,
				2365A8D82420DFFA00F48D9C /* GXGameListCell.xib */,
			);
			path = GameListCell;
			sourceTree = "<group>";
		};
		2365A8DC2420E16400F48D9C /* Extensions */ = {
			isa = PBXGroup;
			children = (
				2365A8DD2420E17500F48D9C /* UITableView+Extensions.swift */,
				2365A8F42420F82200F48D9C /* UIView+Extensions.swift */,
				2365EEDA242106A400A70EE7 /* UILabel+Extensions.swift */,
				2365EEFC2421255A00A70EE7 /* Bundle+Extensions.swift */,
				23CAA753242168E00007D2FA /* UICollectionView+Extensions.swift */,
			);
			path = Extensions;
			sourceTree = "<group>";
		};
		2365A8E32420EAD200F48D9C /* Utils */ = {
			isa = PBXGroup;
			children = (
				2365A8E42420EAE200F48D9C /* GXTheme.swift */,
				2365A8F62420FADA00F48D9C /* GXFeedbackGenerator.swift */,
				2365A8F82420FE2400F48D9C /* GXAlertPresenter.swift */,
				23CAA74D24212F200007D2FA /* GXImageLoader.swift */,
			);
			path = Utils;
			sourceTree = "<group>";
		};
		2365A8E62420F1CC00F48D9C /* GameDetail */ = {
			isa = PBXGroup;
			children = (
				2365A8E72420F1E900F48D9C /* GXGameDetailViewController.swift */,
				2365A8E82420F1E900F48D9C /* GXGameDetailViewController.xib */,
				2365A8EB2420F1F500F48D9C /* GXGameDetailViewModel.swift */,
				2365A8ED2420F20100F48D9C /* GXGameDetailRouter.swift */,
			);
			path = GameDetail;
			sourceTree = "<group>";
		};
		2365A8EF2420F64500F48D9C /* GameHeaderView */ = {
			isa = PBXGroup;
			children = (
				2365A8F02420F66C00F48D9C /* GXGameHeaderView.swift */,
				2365A8F22420F67600F48D9C /* GXGameHeaderView.xib */,
			);
			path = GameHeaderView;
			sourceTree = "<group>";
		};
		2365A8FE2421009400F48D9C /* ExpandableDescriptionCell */ = {
			isa = PBXGroup;
			children = (
				2365A8FA2421009100F48D9C /* GXExpandableDescriptionCell.swift */,
				2365A8FB2421009100F48D9C /* GXExpandableDescriptionCell.xib */,
			);
			path = ExpandableDescriptionCell;
			sourceTree = "<group>";
		};
		2365EED5242104D400A70EE7 /* TitledCell */ = {
			isa = PBXGroup;
			children = (
				2365EED6242104EA00A70EE7 /* TitledCell.swift */,
				2365EED7242104EA00A70EE7 /* TitledCell.xib */,
			);
			path = TitledCell;
			sourceTree = "<group>";
		};
		2365EEDD24210FC000A70EE7 /* Network */ = {
			isa = PBXGroup;
			children = (
				2365EEDE24210FC900A70EE7 /* API */,
				2365EEF22421134800A70EE7 /* Responses */,
				2365EEDF24210FD200A70EE7 /* Services */,
			);
			path = Network;
			sourceTree = "<group>";
		};
		2365EEDE24210FC900A70EE7 /* API */ = {
			isa = PBXGroup;
			children = (
				2365EEEE2421126E00A70EE7 /* GamexAPI.swift */,
			);
			path = API;
			sourceTree = "<group>";
		};
		2365EEDF24210FD200A70EE7 /* Services */ = {
			isa = PBXGroup;
			children = (
				23CAA74F242149D30007D2FA /* MockJSON */,
				2365EEF02421132000A70EE7 /* GXGameServiceType.swift */,
				2365EEF82421164B00A70EE7 /* GXMockGameService.swift */,
				2365EEFA242117E900A70EE7 /* GXGameService.swift */,
			);
			path = Services;
			sourceTree = "<group>";
		};
		2365EEF22421134800A70EE7 /* Responses */ = {
			isa = PBXGroup;
			children = (
				2365EEF32421138500A70EE7 /* GXGameListResponse.swift */,
			);
			path = Responses;
			sourceTree = "<group>";
		};
		2365EEF5242113A400A70EE7 /* Models */ = {
			isa = PBXGroup;
			children = (
				2365EEF6242113C400A70EE7 /* GXGame.swift */,
				2365EF0424212A0F00A70EE7 /* Presentations */,
			);
			path = Models;
			sourceTree = "<group>";
		};
		2365EF0424212A0F00A70EE7 /* Presentations */ = {
			isa = PBXGroup;
			children = (
				2365EF0224212A0100A70EE7 /* GXGamePresentation.swift */,
			);
			path = Presentations;
			sourceTree = "<group>";
		};
		23BDEFF82420D8D30055C3B9 = {
			isa = PBXGroup;
			children = (
				23BDF0032420D8D30055C3B9 /* GX-App */,
				23BDF01A2420D8D40055C3B9 /* GX-AppTests */,
				23BDF0022420D8D30055C3B9 /* Products */,
			);
			sourceTree = "<group>";
		};
		23BDF0022420D8D30055C3B9 /* Products */ = {
			isa = PBXGroup;
			children = (
				23BDF0012420D8D30055C3B9 /* GameX.app */,
				23BDF0172420D8D40055C3B9 /* GX-AppTests.xctest */,
			);
			name = Products;
			sourceTree = "<group>";
		};
		23BDF0032420D8D30055C3B9 /* GX-App */ = {
			isa = PBXGroup;
			children = (
				23BDF0272420DA720055C3B9 /* App */,
				2365EEDD24210FC000A70EE7 /* Network */,
				23BDF0282420DA860055C3B9 /* Scenes */,
				2365EEF5242113A400A70EE7 /* Models */,
				2365A8D62420DF8900F48D9C /* Views */,
				2365A8DC2420E16400F48D9C /* Extensions */,
				2365A8E32420EAD200F48D9C /* Utils */,
				23BDF00D2420D8D40055C3B9 /* Assets.xcassets */,
				2365A8DF2420E3D200F48D9C /* Development.xcassets */,
				2365A8E12420E84100F48D9C /* Theme.xcassets */,
				23BDF00F2420D8D40055C3B9 /* LaunchScreen.storyboard */,
				23BDF0122420D8D40055C3B9 /* Info.plist */,
			);
			path = "GX-App";
			sourceTree = "<group>";
		};
		23BDF01A2420D8D40055C3B9 /* GX-AppTests */ = {
			isa = PBXGroup;
			children = (
				23BDF01B2420D8D40055C3B9 /* GX_AppTests.swift */,
				23BDF01D2420D8D40055C3B9 /* Info.plist */,
			);
			path = "GX-AppTests";
			sourceTree = "<group>";
		};
		23BDF0272420DA720055C3B9 /* App */ = {
			isa = PBXGroup;
			children = (
				23BDF0042420D8D30055C3B9 /* AppDelegate.swift */,
				23BDF0062420D8D30055C3B9 /* SceneDelegate.swift */,
				23BDF02C2420DADD0055C3B9 /* AppRouter.swift */,
			);
			path = App;
			sourceTree = "<group>";
		};
		23BDF0282420DA860055C3B9 /* Scenes */ = {
			isa = PBXGroup;
			children = (
				2365A8CD2420DCCE00F48D9C /* GameList */,
				2365A8E62420F1CC00F48D9C /* GameDetail */,
			);
			path = Scenes;
			sourceTree = "<group>";
		};
		23CAA74F242149D30007D2FA /* MockJSON */ = {
			isa = PBXGroup;
			children = (
				2365EEFF2421271E00A70EE7 /* gamelist-response.json */,
				2365EEFE2421271D00A70EE7 /* gamedetail-response.json */,
			);
			path = MockJSON;
			sourceTree = "<group>";
		};
/* End PBXGroup section */

/* Begin PBXNativeTarget section */
		23BDF0002420D8D30055C3B9 /* GX-App */ = {
			isa = PBXNativeTarget;
			buildConfigurationList = 23BDF0202420D8D40055C3B9 /* Build configuration list for PBXNativeTarget "GX-App" */;
			buildPhases = (
				23BDEFFD2420D8D30055C3B9 /* Sources */,
				23BDEFFE2420D8D30055C3B9 /* Frameworks */,
				23BDEFFF2420D8D30055C3B9 /* Resources */,
			);
			buildRules = (
			);
			dependencies = (
			);
			name = "GX-App";
			packageProductDependencies = (
				2365EEE12421107B00A70EE7 /* RealmSwift */,
				2365EEE32421107B00A70EE7 /* Realm */,
				2365EEE92421118100A70EE7 /* Kingfisher */,
				2365EEEC2421124200A70EE7 /* Moya */,
			);
			productName = "GX-App";
			productReference = 23BDF0012420D8D30055C3B9 /* GameX.app */;
			productType = "com.apple.product-type.application";
		};
		23BDF0162420D8D40055C3B9 /* GX-AppTests */ = {
			isa = PBXNativeTarget;
			buildConfigurationList = 23BDF0232420D8D40055C3B9 /* Build configuration list for PBXNativeTarget "GX-AppTests" */;
			buildPhases = (
				23BDF0132420D8D40055C3B9 /* Sources */,
				23BDF0142420D8D40055C3B9 /* Frameworks */,
				23BDF0152420D8D40055C3B9 /* Resources */,
			);
			buildRules = (
			);
			dependencies = (
				23BDF0192420D8D40055C3B9 /* PBXTargetDependency */,
			);
			name = "GX-AppTests";
			productName = "GX-AppTests";
			productReference = 23BDF0172420D8D40055C3B9 /* GX-AppTests.xctest */;
			productType = "com.apple.product-type.bundle.unit-test";
		};
/* End PBXNativeTarget section */

/* Begin PBXProject section */
		23BDEFF92420D8D30055C3B9 /* Project object */ = {
			isa = PBXProject;
			attributes = {
				LastSwiftUpdateCheck = 1140;
				LastUpgradeCheck = 1140;
				ORGANIZATIONNAME = "M. Barış ÇİÇEK";
				TargetAttributes = {
					23BDF0002420D8D30055C3B9 = {
						CreatedOnToolsVersion = 11.4;
					};
					23BDF0162420D8D40055C3B9 = {
						CreatedOnToolsVersion = 11.4;
						TestTargetID = 23BDF0002420D8D30055C3B9;
					};
				};
			};
			buildConfigurationList = 23BDEFFC2420D8D30055C3B9 /* Build configuration list for PBXProject "GX-App" */;
			compatibilityVersion = "Xcode 9.3";
			developmentRegion = en;
			hasScannedForEncodings = 0;
			knownRegions = (
				en,
				Base,
			);
			mainGroup = 23BDEFF82420D8D30055C3B9;
			packageReferences = (
				2365EEE02421107B00A70EE7 /* XCRemoteSwiftPackageReference "realm-cocoa" */,
				2365EEE82421118100A70EE7 /* XCRemoteSwiftPackageReference "Kingfisher" */,
				2365EEEB2421124200A70EE7 /* XCRemoteSwiftPackageReference "Moya" */,
			);
			productRefGroup = 23BDF0022420D8D30055C3B9 /* Products */;
			projectDirPath = "";
			projectRoot = "";
			targets = (
				23BDF0002420D8D30055C3B9 /* GX-App */,
				23BDF0162420D8D40055C3B9 /* GX-AppTests */,
			);
		};
/* End PBXProject section */

/* Begin PBXResourcesBuildPhase section */
		23BDEFFF2420D8D30055C3B9 /* Resources */ = {
			isa = PBXResourcesBuildPhase;
			buildActionMask = 2147483647;
			files = (
				2365A8DA2420DFFA00F48D9C /* GXGameListCell.xib in Resources */,
				2365EF002421271E00A70EE7 /* gamedetail-response.json in Resources */,
				2365A8EA2420F1E900F48D9C /* GXGameDetailViewController.xib in Resources */,
				2365A8F32420F67600F48D9C /* GXGameHeaderView.xib in Resources */,
				2365EF012421271E00A70EE7 /* gamelist-response.json in Resources */,
				23BDF0112420D8D40055C3B9 /* LaunchScreen.storyboard in Resources */,
				23BDF00E2420D8D40055C3B9 /* Assets.xcassets in Resources */,
				2365A8E22420E84100F48D9C /* Theme.xcassets in Resources */,
				2365A8FD2421009100F48D9C /* GXExpandableDescriptionCell.xib in Resources */,
				2365A8D12420DCE700F48D9C /* GXGameListViewController.xib in Resources */,
				2365A8E02420E3D200F48D9C /* Development.xcassets in Resources */,
				2365EED9242104EA00A70EE7 /* TitledCell.xib in Resources */,
			);
			runOnlyForDeploymentPostprocessing = 0;
		};
		23BDF0152420D8D40055C3B9 /* Resources */ = {
			isa = PBXResourcesBuildPhase;
			buildActionMask = 2147483647;
			files = (
			);
			runOnlyForDeploymentPostprocessing = 0;
		};
/* End PBXResourcesBuildPhase section */

/* Begin PBXSourcesBuildPhase section */
		23BDEFFD2420D8D30055C3B9 /* Sources */ = {
			isa = PBXSourcesBuildPhase;
			buildActionMask = 2147483647;
			files = (
				2365A8F92420FE2400F48D9C /* GXAlertPresenter.swift in Sources */,
				2365EEEF2421126E00A70EE7 /* GamexAPI.swift in Sources */,
				2365EEF42421138500A70EE7 /* GXGameListResponse.swift in Sources */,
				2365EEFD2421255A00A70EE7 /* Bundle+Extensions.swift in Sources */,
				23CAA754242168E00007D2FA /* UICollectionView+Extensions.swift in Sources */,
				2365EEF7242113C400A70EE7 /* GXGame.swift in Sources */,
				2365EED8242104EA00A70EE7 /* TitledCell.swift in Sources */,
				2365A8F52420F82200F48D9C /* UIView+Extensions.swift in Sources */,
				2365EEF92421164B00A70EE7 /* GXMockGameService.swift in Sources */,
				2365A8E52420EAE200F48D9C /* GXTheme.swift in Sources */,
				2365A8F12420F66C00F48D9C /* GXGameHeaderView.swift in Sources */,
				2365A8F72420FADA00F48D9C /* GXFeedbackGenerator.swift in Sources */,
				23BDF0052420D8D30055C3B9 /* AppDelegate.swift in Sources */,
				2365A8E92420F1E900F48D9C /* GXGameDetailViewController.swift in Sources */,
				2365EEDB242106A400A70EE7 /* UILabel+Extensions.swift in Sources */,
				2365A8D52420DD1600F48D9C /* GXGameListRouter.swift in Sources */,
				2365EEFB242117E900A70EE7 /* GXGameService.swift in Sources */,
				2365A8EE2420F20100F48D9C /* GXGameDetailRouter.swift in Sources */,
				2365A8D92420DFFA00F48D9C /* GXGameListCell.swift in Sources */,
				2365A8EC2420F1F500F48D9C /* GXGameDetailViewModel.swift in Sources */,
				2365A8DE2420E17500F48D9C /* UITableView+Extensions.swift in Sources */,
				2365EF0324212A0100A70EE7 /* GXGamePresentation.swift in Sources */,
				2365EEF12421132000A70EE7 /* GXGameServiceType.swift in Sources */,
				2365A8D32420DCFE00F48D9C /* GXGameListViewModel.swift in Sources */,
				2365A8D02420DCE700F48D9C /* GXGameListViewController.swift in Sources */,
				23BDF0072420D8D30055C3B9 /* SceneDelegate.swift in Sources */,
				2365A8FC2421009100F48D9C /* GXExpandableDescriptionCell.swift in Sources */,
				23BDF02D2420DADD0055C3B9 /* AppRouter.swift in Sources */,
				23CAA74E24212F200007D2FA /* GXImageLoader.swift in Sources */,
			);
			runOnlyForDeploymentPostprocessing = 0;
		};
		23BDF0132420D8D40055C3B9 /* Sources */ = {
			isa = PBXSourcesBuildPhase;
			buildActionMask = 2147483647;
			files = (
				23BDF01C2420D8D40055C3B9 /* GX_AppTests.swift in Sources */,
			);
			runOnlyForDeploymentPostprocessing = 0;
		};
/* End PBXSourcesBuildPhase section */

/* Begin PBXTargetDependency section */
		23BDF0192420D8D40055C3B9 /* PBXTargetDependency */ = {
			isa = PBXTargetDependency;
			target = 23BDF0002420D8D30055C3B9 /* GX-App */;
			targetProxy = 23BDF0182420D8D40055C3B9 /* PBXContainerItemProxy */;
		};
/* End PBXTargetDependency section */

/* Begin PBXVariantGroup section */
		23BDF00F2420D8D40055C3B9 /* LaunchScreen.storyboard */ = {
			isa = PBXVariantGroup;
			children = (
				23BDF0102420D8D40055C3B9 /* Base */,
			);
			name = LaunchScreen.storyboard;
			sourceTree = "<group>";
		};
/* End PBXVariantGroup section */

/* Begin XCBuildConfiguration section */
		23BDF01E2420D8D40055C3B9 /* Debug */ = {
			isa = XCBuildConfiguration;
			buildSettings = {
				ALWAYS_SEARCH_USER_PATHS = NO;
				CLANG_ANALYZER_NONNULL = YES;
				CLANG_ANALYZER_NUMBER_OBJECT_CONVERSION = YES_AGGRESSIVE;
				CLANG_CXX_LANGUAGE_STANDARD = "gnu++14";
				CLANG_CXX_LIBRARY = "libc++";
				CLANG_ENABLE_MODULES = YES;
				CLANG_ENABLE_OBJC_ARC = YES;
				CLANG_ENABLE_OBJC_WEAK = YES;
				CLANG_WARN_BLOCK_CAPTURE_AUTORELEASING = YES;
				CLANG_WARN_BOOL_CONVERSION = YES;
				CLANG_WARN_COMMA = YES;
				CLANG_WARN_CONSTANT_CONVERSION = YES;
				CLANG_WARN_DEPRECATED_OBJC_IMPLEMENTATIONS = YES;
				CLANG_WARN_DIRECT_OBJC_ISA_USAGE = YES_ERROR;
				CLANG_WARN_DOCUMENTATION_COMMENTS = YES;
				CLANG_WARN_EMPTY_BODY = YES;
				CLANG_WARN_ENUM_CONVERSION = YES;
				CLANG_WARN_INFINITE_RECURSION = YES;
				CLANG_WARN_INT_CONVERSION = YES;
				CLANG_WARN_NON_LITERAL_NULL_CONVERSION = YES;
				CLANG_WARN_OBJC_IMPLICIT_RETAIN_SELF = YES;
				CLANG_WARN_OBJC_LITERAL_CONVERSION = YES;
				CLANG_WARN_OBJC_ROOT_CLASS = YES_ERROR;
				CLANG_WARN_RANGE_LOOP_ANALYSIS = YES;
				CLANG_WARN_STRICT_PROTOTYPES = YES;
				CLANG_WARN_SUSPICIOUS_MOVE = YES;
				CLANG_WARN_UNGUARDED_AVAILABILITY = YES_AGGRESSIVE;
				CLANG_WARN_UNREACHABLE_CODE = YES;
				CLANG_WARN__DUPLICATE_METHOD_MATCH = YES;
				COPY_PHASE_STRIP = NO;
				DEBUG_INFORMATION_FORMAT = dwarf;
				ENABLE_STRICT_OBJC_MSGSEND = YES;
				ENABLE_TESTABILITY = YES;
				GCC_C_LANGUAGE_STANDARD = gnu11;
				GCC_DYNAMIC_NO_PIC = NO;
				GCC_NO_COMMON_BLOCKS = YES;
				GCC_OPTIMIZATION_LEVEL = 0;
				GCC_PREPROCESSOR_DEFINITIONS = (
					"DEBUG=1",
					"$(inherited)",
				);
				GCC_WARN_64_TO_32_BIT_CONVERSION = YES;
				GCC_WARN_ABOUT_RETURN_TYPE = YES_ERROR;
				GCC_WARN_UNDECLARED_SELECTOR = YES;
				GCC_WARN_UNINITIALIZED_AUTOS = YES_AGGRESSIVE;
				GCC_WARN_UNUSED_FUNCTION = YES;
				GCC_WARN_UNUSED_VARIABLE = YES;
				IPHONEOS_DEPLOYMENT_TARGET = 13.4;
				MTL_ENABLE_DEBUG_INFO = INCLUDE_SOURCE;
				MTL_FAST_MATH = YES;
				ONLY_ACTIVE_ARCH = YES;
				SDKROOT = iphoneos;
				SWIFT_ACTIVE_COMPILATION_CONDITIONS = DEBUG;
				SWIFT_OPTIMIZATION_LEVEL = "-Onone";
			};
			name = Debug;
		};
		23BDF01F2420D8D40055C3B9 /* Release */ = {
			isa = XCBuildConfiguration;
			buildSettings = {
				ALWAYS_SEARCH_USER_PATHS = NO;
				CLANG_ANALYZER_NONNULL = YES;
				CLANG_ANALYZER_NUMBER_OBJECT_CONVERSION = YES_AGGRESSIVE;
				CLANG_CXX_LANGUAGE_STANDARD = "gnu++14";
				CLANG_CXX_LIBRARY = "libc++";
				CLANG_ENABLE_MODULES = YES;
				CLANG_ENABLE_OBJC_ARC = YES;
				CLANG_ENABLE_OBJC_WEAK = YES;
				CLANG_WARN_BLOCK_CAPTURE_AUTORELEASING = YES;
				CLANG_WARN_BOOL_CONVERSION = YES;
				CLANG_WARN_COMMA = YES;
				CLANG_WARN_CONSTANT_CONVERSION = YES;
				CLANG_WARN_DEPRECATED_OBJC_IMPLEMENTATIONS = YES;
				CLANG_WARN_DIRECT_OBJC_ISA_USAGE = YES_ERROR;
				CLANG_WARN_DOCUMENTATION_COMMENTS = YES;
				CLANG_WARN_EMPTY_BODY = YES;
				CLANG_WARN_ENUM_CONVERSION = YES;
				CLANG_WARN_INFINITE_RECURSION = YES;
				CLANG_WARN_INT_CONVERSION = YES;
				CLANG_WARN_NON_LITERAL_NULL_CONVERSION = YES;
				CLANG_WARN_OBJC_IMPLICIT_RETAIN_SELF = YES;
				CLANG_WARN_OBJC_LITERAL_CONVERSION = YES;
				CLANG_WARN_OBJC_ROOT_CLASS = YES_ERROR;
				CLANG_WARN_RANGE_LOOP_ANALYSIS = YES;
				CLANG_WARN_STRICT_PROTOTYPES = YES;
				CLANG_WARN_SUSPICIOUS_MOVE = YES;
				CLANG_WARN_UNGUARDED_AVAILABILITY = YES_AGGRESSIVE;
				CLANG_WARN_UNREACHABLE_CODE = YES;
				CLANG_WARN__DUPLICATE_METHOD_MATCH = YES;
				COPY_PHASE_STRIP = NO;
				DEBUG_INFORMATION_FORMAT = "dwarf-with-dsym";
				ENABLE_NS_ASSERTIONS = NO;
				ENABLE_STRICT_OBJC_MSGSEND = YES;
				GCC_C_LANGUAGE_STANDARD = gnu11;
				GCC_NO_COMMON_BLOCKS = YES;
				GCC_WARN_64_TO_32_BIT_CONVERSION = YES;
				GCC_WARN_ABOUT_RETURN_TYPE = YES_ERROR;
				GCC_WARN_UNDECLARED_SELECTOR = YES;
				GCC_WARN_UNINITIALIZED_AUTOS = YES_AGGRESSIVE;
				GCC_WARN_UNUSED_FUNCTION = YES;
				GCC_WARN_UNUSED_VARIABLE = YES;
				IPHONEOS_DEPLOYMENT_TARGET = 13.4;
				MTL_ENABLE_DEBUG_INFO = NO;
				MTL_FAST_MATH = YES;
				SDKROOT = iphoneos;
				SWIFT_COMPILATION_MODE = wholemodule;
				SWIFT_OPTIMIZATION_LEVEL = "-O";
				VALIDATE_PRODUCT = YES;
			};
			name = Release;
		};
		23BDF0212420D8D40055C3B9 /* Debug */ = {
			isa = XCBuildConfiguration;
			buildSettings = {
				ASSETCATALOG_COMPILER_APPICON_NAME = AppIcon;
				CODE_SIGN_STYLE = Automatic;
				DEVELOPMENT_ASSET_PATHS = "GX-App/Development.xcassets";
				DEVELOPMENT_TEAM = U293YGE2FV;
				INFOPLIST_FILE = "GX-App/Info.plist";
				IPHONEOS_DEPLOYMENT_TARGET = 11.0;
				LD_RUNPATH_SEARCH_PATHS = (
					"$(inherited)",
					"@executable_path/Frameworks",
				);
				PRODUCT_BUNDLE_IDENTIFIER = "com.bariscck.GX-App";
				PRODUCT_NAME = GameX;
				SWIFT_VERSION = 5.0;
				TARGETED_DEVICE_FAMILY = "1,2";
			};
			name = Debug;
		};
		23BDF0222420D8D40055C3B9 /* Release */ = {
			isa = XCBuildConfiguration;
			buildSettings = {
				ASSETCATALOG_COMPILER_APPICON_NAME = AppIcon;
				CODE_SIGN_STYLE = Automatic;
				DEVELOPMENT_ASSET_PATHS = "GX-App/Development.xcassets";
				DEVELOPMENT_TEAM = U293YGE2FV;
				INFOPLIST_FILE = "GX-App/Info.plist";
				IPHONEOS_DEPLOYMENT_TARGET = 11.0;
				LD_RUNPATH_SEARCH_PATHS = (
					"$(inherited)",
					"@executable_path/Frameworks",
				);
				PRODUCT_BUNDLE_IDENTIFIER = "com.bariscck.GX-App";
				PRODUCT_NAME = GameX;
				SWIFT_VERSION = 5.0;
				TARGETED_DEVICE_FAMILY = "1,2";
			};
			name = Release;
		};
		23BDF0242420D8D40055C3B9 /* Debug */ = {
			isa = XCBuildConfiguration;
			buildSettings = {
				ALWAYS_EMBED_SWIFT_STANDARD_LIBRARIES = YES;
				BUNDLE_LOADER = "$(TEST_HOST)";
				CODE_SIGN_STYLE = Automatic;
				DEVELOPMENT_TEAM = U293YGE2FV;
				INFOPLIST_FILE = "GX-AppTests/Info.plist";
				IPHONEOS_DEPLOYMENT_TARGET = 13.4;
				LD_RUNPATH_SEARCH_PATHS = (
					"$(inherited)",
					"@executable_path/Frameworks",
					"@loader_path/Frameworks",
				);
				PRODUCT_BUNDLE_IDENTIFIER = "com.bariscck.GX-AppTests";
				PRODUCT_NAME = "$(TARGET_NAME)";
				SWIFT_VERSION = 5.0;
				TARGETED_DEVICE_FAMILY = "1,2";
				TEST_HOST = "$(BUILT_PRODUCTS_DIR)/GX-App.app/GX-App";
			};
			name = Debug;
		};
		23BDF0252420D8D40055C3B9 /* Release */ = {
			isa = XCBuildConfiguration;
			buildSettings = {
				ALWAYS_EMBED_SWIFT_STANDARD_LIBRARIES = YES;
				BUNDLE_LOADER = "$(TEST_HOST)";
				CODE_SIGN_STYLE = Automatic;
				DEVELOPMENT_TEAM = U293YGE2FV;
				INFOPLIST_FILE = "GX-AppTests/Info.plist";
				IPHONEOS_DEPLOYMENT_TARGET = 13.4;
				LD_RUNPATH_SEARCH_PATHS = (
					"$(inherited)",
					"@executable_path/Frameworks",
					"@loader_path/Frameworks",
				);
				PRODUCT_BUNDLE_IDENTIFIER = "com.bariscck.GX-AppTests";
				PRODUCT_NAME = "$(TARGET_NAME)";
				SWIFT_VERSION = 5.0;
				TARGETED_DEVICE_FAMILY = "1,2";
				TEST_HOST = "$(BUILT_PRODUCTS_DIR)/GX-App.app/GX-App";
			};
			name = Release;
		};
/* End XCBuildConfiguration section */

/* Begin XCConfigurationList section */
		23BDEFFC2420D8D30055C3B9 /* Build configuration list for PBXProject "GX-App" */ = {
			isa = XCConfigurationList;
			buildConfigurations = (
				23BDF01E2420D8D40055C3B9 /* Debug */,
				23BDF01F2420D8D40055C3B9 /* Release */,
			);
			defaultConfigurationIsVisible = 0;
			defaultConfigurationName = Release;
		};
		23BDF0202420D8D40055C3B9 /* Build configuration list for PBXNativeTarget "GX-App" */ = {
			isa = XCConfigurationList;
			buildConfigurations = (
				23BDF0212420D8D40055C3B9 /* Debug */,
				23BDF0222420D8D40055C3B9 /* Release */,
			);
			defaultConfigurationIsVisible = 0;
			defaultConfigurationName = Release;
		};
		23BDF0232420D8D40055C3B9 /* Build configuration list for PBXNativeTarget "GX-AppTests" */ = {
			isa = XCConfigurationList;
			buildConfigurations = (
				23BDF0242420D8D40055C3B9 /* Debug */,
				23BDF0252420D8D40055C3B9 /* Release */,
			);
			defaultConfigurationIsVisible = 0;
			defaultConfigurationName = Release;
		};
/* End XCConfigurationList section */

/* Begin XCRemoteSwiftPackageReference section */
		2365EEE02421107B00A70EE7 /* XCRemoteSwiftPackageReference "realm-cocoa" */ = {
			isa = XCRemoteSwiftPackageReference;
			repositoryURL = "https://github.com/realm/realm-cocoa.git";
			requirement = {
				kind = upToNextMajorVersion;
				minimumVersion = 4.3.2;
			};
		};
		2365EEE82421118100A70EE7 /* XCRemoteSwiftPackageReference "Kingfisher" */ = {
			isa = XCRemoteSwiftPackageReference;
			repositoryURL = "https://github.com/onevcat/Kingfisher.git";
			requirement = {
				kind = upToNextMajorVersion;
				minimumVersion = 5.13.2;
			};
		};
		2365EEEB2421124200A70EE7 /* XCRemoteSwiftPackageReference "Moya" */ = {
			isa = XCRemoteSwiftPackageReference;
			repositoryURL = "https://github.com/Moya/Moya.git";
			requirement = {
				kind = upToNextMajorVersion;
				minimumVersion = 14.0.0;
			};
		};
/* End XCRemoteSwiftPackageReference section */

/* Begin XCSwiftPackageProductDependency section */
		2365EEE12421107B00A70EE7 /* RealmSwift */ = {
			isa = XCSwiftPackageProductDependency;
			package = 2365EEE02421107B00A70EE7 /* XCRemoteSwiftPackageReference "realm-cocoa" */;
			productName = RealmSwift;
		};
		2365EEE32421107B00A70EE7 /* Realm */ = {
			isa = XCSwiftPackageProductDependency;
			package = 2365EEE02421107B00A70EE7 /* XCRemoteSwiftPackageReference "realm-cocoa" */;
			productName = Realm;
		};
		2365EEE92421118100A70EE7 /* Kingfisher */ = {
			isa = XCSwiftPackageProductDependency;
			package = 2365EEE82421118100A70EE7 /* XCRemoteSwiftPackageReference "Kingfisher" */;
			productName = Kingfisher;
		};
		2365EEEC2421124200A70EE7 /* Moya */ = {
			isa = XCSwiftPackageProductDependency;
			package = 2365EEEB2421124200A70EE7 /* XCRemoteSwiftPackageReference "Moya" */;
			productName = Moya;
		};
/* End XCSwiftPackageProductDependency section */
	};
	rootObject = 23BDEFF92420D8D30055C3B9 /* Project object */;
}
